
Microsoft Visual Studio Solution File, Format Version 12.00
# Visual Studio Version 17
VisualStudioVersion = 17.12.35707.178
MinimumVisualStudioVersion = 10.0.40219.1
Project("{FAE04EC0-301F-11D3-BF4B-00C04F79EFBC}") = "Dredge lung test", "Dreage lung test\Dredge lung test.csproj", "{75730E15-31B8-45F9-A329-F1C9A6A5712D}"
EndProject
Project("{2150E333-8FDC-42A3-9474-1A3956D46DE8}") = "Dredge Lung", "Dredge Lung", "{E665BBD4-633C-4F1C-A46A-DC6AC769596F}"
EndProject
Global
	GlobalSection(SolutionConfigurationPlatforms) = preSolution
		Debug|Any CPU = Debug|Any CPU
		Release|Any CPU = Release|Any CPU
	EndGlobalSection
	GlobalSection(ProjectConfigurationPlatforms) = postSolution
		{75730E15-31B8-45F9-A329-F1C9A6A5712D}.Debug|Any CPU.ActiveCfg = Debug|Any CPU
		{75730E15-31B8-45F9-A329-F1C9A6A5712D}.Debug|Any CPU.Build.0 = Debug|Any CPU
		{75730E15-31B8-45F9-A329-F1C9A6A5712D}.Release|Any CPU.ActiveCfg = Release|Any CPU
		{75730E15-31B8-45F9-A329-F1C9A6A5712D}.Release|Any CPU.Build.0 = Release|Any CPU
	EndGlobalSection
	GlobalSection(SolutionProperties) = preSolution
		HideSolutionNode = FALSE
	EndGlobalSection
	GlobalSection(NestedProjects) = preSolution
		{75730E15-31B8-45F9-A329-F1C9A6A5712D} = {E665BBD4-633C-4F1C-A46A-DC6AC769596F}
	EndGlobalSection
EndGlobal
